
Microsoft Visual Studio Solution File, Format Version 12.00
# Visual Studio Version 17
VisualStudioVersion = 17.9.34723.18
MinimumVisualStudioVersion = 10.0.40219.1
Project("{FAE04EC0-301F-11D3-BF4B-00C04F79EFBC}") = "Modulo4", "Modulo4\Modulo4.csproj", "{F539BE86-8B56-490A-B525-0611B0E64A46}"
EndProject
Global
	GlobalSection(SolutionConfigurationPlatforms) = preSolution
		Debug|Any CPU = Debug|Any CPU
		Release|Any CPU = Release|Any CPU
	EndGlobalSection
	GlobalSection(ProjectConfigurationPlatforms) = postSolution
		{F539BE86-8B56-490A-B525-0611B0E64A46}.Debug|Any CPU.ActiveCfg = Debug|Any CPU
		{F539BE86-8B56-490A-B525-0611B0E64A46}.Debug|Any CPU.Build.0 = Debug|Any CPU
		{F539BE86-8B56-490A-B525-0611B0E64A46}.Release|Any CPU.ActiveCfg = Release|Any CPU
		{F539BE86-8B56-490A-B525-0611B0E64A46}.Release|Any CPU.Build.0 = Release|Any CPU
	EndGlobalSection
	GlobalSection(SolutionProperties) = preSolution
		HideSolutionNode = FALSE
	EndGlobalSection
	GlobalSection(ExtensibilityGlobals) = postSolution
		SolutionGuid = {9C342A71-D1B5-49F5-8E80-B4D46EE4C1D3}
	EndGlobalSection
EndGlobal
