
Microsoft Visual Studio Solution File, Format Version 12.00
# Visual Studio Version 17
VisualStudioVersion = 17.9.34723.18
MinimumVisualStudioVersion = 10.0.40219.1
Project("{FAE04EC0-301F-11D3-BF4B-00C04F79EFBC}") = "Modulo3", "Modulo3\Modulo3.csproj", "{FA764242-DE11-4B7A-ADB4-33D6A96EA664}"
EndProject
Global
	GlobalSection(SolutionConfigurationPlatforms) = preSolution
		Debug|Any CPU = Debug|Any CPU
		Release|Any CPU = Release|Any CPU
	EndGlobalSection
	GlobalSection(ProjectConfigurationPlatforms) = postSolution
		{FA764242-DE11-4B7A-ADB4-33D6A96EA664}.Debug|Any CPU.ActiveCfg = Debug|Any CPU
		{FA764242-DE11-4B7A-ADB4-33D6A96EA664}.Debug|Any CPU.Build.0 = Debug|Any CPU
		{FA764242-DE11-4B7A-ADB4-33D6A96EA664}.Release|Any CPU.ActiveCfg = Release|Any CPU
		{FA764242-DE11-4B7A-ADB4-33D6A96EA664}.Release|Any CPU.Build.0 = Release|Any CPU
	EndGlobalSection
	GlobalSection(SolutionProperties) = preSolution
		HideSolutionNode = FALSE
	EndGlobalSection
	GlobalSection(ExtensibilityGlobals) = postSolution
		SolutionGuid = {5390BF02-4469-4F79-99BA-3A83C3DD1E44}
	EndGlobalSection
EndGlobal
